{
  "version": 4,
  "terraform_version": "1.9.8",
  "serial": 32,
  "lineage": "12bdfcf6-334c-80aa-eb7c-6c3f8d60a4b0",
  "outputs": {
    "api_endpoint": {
      "value": "https://zo7k4o5bxi.execute-api.us-east-1.amazonaws.com",
      "type": "string"
    },
    "api_stage_url": {
      "value": "https://zo7k4o5bxi.execute-api.us-east-1.amazonaws.com/prod",
      "type": "string"
    },
    "dynamodb_table": {
      "value": {
        "arn": "arn:aws:dynamodb:us-east-1:157542113981:table/chalhoub-events",
        "name": "chalhoub-events"
      },
      "type": [
        "object",
        {
          "arn": "string",
          "name": "string"
        }
      ]
    },
    "lambda_functions": {
      "value": {
        "dispatcher": {
          "arn": "arn:aws:lambda:us-east-1:157542113981:function:chalhoub-dispatcher",
          "name": "chalhoub-dispatcher"
        }
      },
      "type": [
        "object",
        {
          "dispatcher": [
            "object",
            {
              "arn": "string",
              "name": "string"
            }
          ]
        }
      ]
    },
    "monitoring": {
      "value": {
        "alarms": {
          "dlq_messages": "arn:aws:cloudwatch:us-east-1:157542113981:alarm:chalhoub-dlq-messages",
          "lambda_errors": "arn:aws:cloudwatch:us-east-1:157542113981:alarm:chalhoub-lambda-errors"
        },
        "alert_topic_arn": "arn:aws:sns:us-east-1:157542113981:chalhoub-alerts",
        "dashboard_url": "https://us-east-1.console.aws.amazon.com/cloudwatch/home?region=us-east-1#dashboards:name=chalhoub-dashboard"
      },
      "type": [
        "object",
        {
          "alarms": [
            "object",
            {
              "dlq_messages": "string",
              "lambda_errors": "string"
            }
          ],
          "alert_topic_arn": "string",
          "dashboard_url": "string"
        }
      ]
    },
    "queues": {
      "value": {
        "dlq": {
          "arn": "arn:aws:sqs:us-east-1:157542113981:chalhoub-dlq",
          "url": "https://sqs.us-east-1.amazonaws.com/157542113981/chalhoub-dlq"
        },
        "main": {
          "arn": "arn:aws:sqs:us-east-1:157542113981:chalhoub-events",
          "url": "https://sqs.us-east-1.amazonaws.com/157542113981/chalhoub-events"
        }
      },
      "type": [
        "object",
        {
          "dlq": [
            "object",
            {
              "arn": "string",
              "url": "string"
            }
          ],
          "main": [
            "object",
            {
              "arn": "string",
              "url": "string"
            }
          ]
        }
      ]
    }
  },
  "resources": [
    {
      "mode": "data",
      "type": "aws_caller_identity",
      "name": "current",
      "provider": "provider[\"registry.terraform.io/hashicorp/aws\"]",
      "instances": [
        {
          "schema_version": 0,
          "attributes": {
            "account_id": "157542113981",
            "arn": "arn:aws:iam::157542113981:user/optimusprime",
            "id": "157542113981",
            "user_id": "AIDASJLR54K6TQHFM4MGY"
          },
          "sensitive_attributes": []
        }
      ]
    },
    {
      "module": "module.api_gateway",
      "mode": "managed",
      "type": "aws_apigatewayv2_api",
      "name": "events_api",
      "provider": "provider[\"registry.terraform.io/hashicorp/aws\"]",
      "instances": [
        {
          "schema_version": 0,
          "attributes": {
            "api_endpoint": "https://zo7k4o5bxi.execute-api.us-east-1.amazonaws.com",
            "api_key_selection_expression": "$request.header.x-api-key",
            "arn": "arn:aws:apigateway:us-east-1::/apis/zo7k4o5bxi",
            "body": null,
            "cors_configuration": [
              {
                "allow_credentials": false,
                "allow_headers": [
                  "*"
                ],
                "allow_methods": [
                  "OPTIONS",
                  "POST"
                ],
                "allow_origins": [
                  "*"
                ],
                "expose_headers": [],
                "max_age": 0
              }
            ],
            "credentials_arn": null,
            "description": "",
            "disable_execute_api_endpoint": false,
            "execution_arn": "arn:aws:execute-api:us-east-1:157542113981:zo7k4o5bxi",
            "fail_on_warnings": null,
            "id": "zo7k4o5bxi",
            "name": "chalhoub-events-api",
            "protocol_type": "HTTP",
            "route_key": null,
            "route_selection_expression": "$request.method $request.path",
            "tags": {
              "Environment": "single",
              "ManagedBy": "terraform",
              "Owner": "peter",
              "Project": "chalhoub"
            },
            "tags_all": {
              "Environment": "single",
              "ManagedBy": "terraform",
              "Owner": "peter",
              "Project": "chalhoub"
            },
            "target": null,
            "version": ""
          },
          "sensitive_attributes": [],
          "private": "bnVsbA=="
        }
      ]
    },
    {
      "module": "module.api_gateway",
      "mode": "managed",
      "type": "aws_apigatewayv2_integration",
      "name": "lambda",
      "provider": "provider[\"registry.terraform.io/hashicorp/aws\"]",
      "instances": [
        {
          "schema_version": 0,
          "attributes": {
            "api_id": "zo7k4o5bxi",
            "connection_id": "",
            "connection_type": "INTERNET",
            "content_handling_strategy": "",
            "credentials_arn": "",
            "description": "",
            "id": "92wsv2k",
            "integration_method": "POST",
            "integration_response_selection_expression": "",
            "integration_subtype": "",
            "integration_type": "AWS_PROXY",
            "integration_uri": "arn:aws:lambda:us-east-1:157542113981:function:chalhoub-dispatcher",
            "passthrough_behavior": "",
            "payload_format_version": "2.0",
            "request_parameters": null,
            "request_templates": null,
            "response_parameters": [],
            "template_selection_expression": "",
            "timeout_milliseconds": 30000,
            "tls_config": []
          },
          "sensitive_attributes": [],
          "private": "bnVsbA==",
          "dependencies": [
            "module.api_gateway.aws_apigatewayv2_api.events_api",
            "module.database.aws_dynamodb_table.events",
            "module.serverless_functions.aws_iam_role.lambda_role",
            "module.serverless_functions.aws_lambda_function.event_dispatcher"
          ]
        }
      ]
    },
    {
      "module": "module.api_gateway",
      "mode": "managed",
      "type": "aws_apigatewayv2_route",
      "name": "post_event",
      "provider": "provider[\"registry.terraform.io/hashicorp/aws\"]",
      "instances": [
        {
          "schema_version": 0,
          "attributes": {
            "api_id": "zo7k4o5bxi",
            "api_key_required": false,
            "authorization_scopes": null,
            "authorization_type": "NONE",
            "authorizer_id": "",
            "id": "neal04h",
            "model_selection_expression": "",
            "operation_name": "",
            "request_models": null,
            "request_parameter": [],
            "route_key": "POST /events",
            "route_response_selection_expression": "",
            "target": "integrations/92wsv2k"
          },
          "sensitive_attributes": [],
          "private": "bnVsbA==",
          "dependencies": [
            "module.api_gateway.aws_apigatewayv2_api.events_api",
            "module.api_gateway.aws_apigatewayv2_integration.lambda",
            "module.database.aws_dynamodb_table.events",
            "module.serverless_functions.aws_iam_role.lambda_role",
            "module.serverless_functions.aws_lambda_function.event_dispatcher"
          ]
        }
      ]
    },
    {
      "module": "module.api_gateway",
      "mode": "managed",
      "type": "aws_apigatewayv2_stage",
      "name": "prod",
      "provider": "provider[\"registry.terraform.io/hashicorp/aws\"]",
      "instances": [
        {
          "schema_version": 0,
          "attributes": {
            "access_log_settings": [
              {
                "destination_arn": "arn:aws:logs:us-east-1:157542113981:log-group:/aws/apigateway/chalhoub-events-api",
                "format": "{\"caller\":\"$context.identity.caller\",\"httpMethod\":\"$context.httpMethod\",\"ip\":\"$context.identity.sourceIp\",\"protocol\":\"$context.protocol\",\"requestId\":\"$context.requestId\",\"requestTime\":\"$context.requestTime\",\"resourcePath\":\"$context.resourcePath\",\"responseLength\":\"$context.responseLength\",\"status\":\"$context.status\",\"user\":\"$context.identity.user\"}"
              }
            ],
            "api_id": "zo7k4o5bxi",
            "arn": "arn:aws:apigateway:us-east-1::/apis/zo7k4o5bxi/stages/prod",
            "auto_deploy": true,
            "client_certificate_id": "",
            "default_route_settings": [
              {
                "data_trace_enabled": false,
                "detailed_metrics_enabled": false,
                "logging_level": "",
                "throttling_burst_limit": 0,
                "throttling_rate_limit": 0
              }
            ],
            "deployment_id": "",
            "description": "",
            "execution_arn": "arn:aws:execute-api:us-east-1:157542113981:zo7k4o5bxi/prod",
            "id": "prod",
            "invoke_url": "https://zo7k4o5bxi.execute-api.us-east-1.amazonaws.com/prod",
            "name": "prod",
            "route_settings": [],
            "stage_variables": null,
            "tags": {
              "Environment": "single",
              "ManagedBy": "terraform",
              "Owner": "peter",
              "Project": "chalhoub"
            },
            "tags_all": {
              "Environment": "single",
              "ManagedBy": "terraform",
              "Owner": "peter",
              "Project": "chalhoub"
            }
          },
          "sensitive_attributes": [],
          "private": "bnVsbA==",
          "dependencies": [
            "module.api_gateway.aws_apigatewayv2_api.events_api",
            "module.api_gateway.aws_cloudwatch_log_group.api_logs"
          ]
        }
      ]
    },
    {
      "module": "module.api_gateway",
      "mode": "managed",
      "type": "aws_cloudwatch_log_group",
      "name": "api_logs",
      "provider": "provider[\"registry.terraform.io/hashicorp/aws\"]",
      "instances": [
        {
          "schema_version": 0,
          "attributes": {
            "arn": "arn:aws:logs:us-east-1:157542113981:log-group:/aws/apigateway/chalhoub-events-api",
            "id": "/aws/apigateway/chalhoub-events-api",
            "kms_key_id": "",
            "log_group_class": "STANDARD",
            "name": "/aws/apigateway/chalhoub-events-api",
            "name_prefix": "",
            "retention_in_days": 14,
            "skip_destroy": false,
            "tags": {
              "Environment": "single",
              "ManagedBy": "terraform",
              "Owner": "peter",
              "Project": "chalhoub"
            },
            "tags_all": {
              "Environment": "single",
              "ManagedBy": "terraform",
              "Owner": "peter",
              "Project": "chalhoub"
            }
          },
          "sensitive_attributes": [],
          "private": "bnVsbA=="
        }
      ]
    },
    {
      "module": "module.api_gateway",
      "mode": "managed",
      "type": "aws_iam_policy",
      "name": "apigateway_logging_policy",
      "provider": "provider[\"registry.terraform.io/hashicorp/aws\"]",
      "instances": [
        {
          "schema_version": 0,
          "attributes": {
            "arn": "arn:aws:iam::157542113981:policy/chalhoub-apigateway-logging-policy",
            "attachment_count": 0,
            "description": "",
            "id": "arn:aws:iam::157542113981:policy/chalhoub-apigateway-logging-policy",
            "name": "chalhoub-apigateway-logging-policy",
            "name_prefix": "",
            "path": "/",
            "policy": "{\"Statement\":[{\"Action\":[\"logs:CreateLogGroup\",\"logs:CreateLogStream\",\"logs:PutLogEvents\"],\"Effect\":\"Allow\",\"Resource\":\"arn:aws:logs:us-east-1:157542113981:*\"}],\"Version\":\"2012-10-17\"}",
            "policy_id": "ANPASJLR54K6RQDJUYXUV",
            "tags": {},
            "tags_all": {}
          },
          "sensitive_attributes": [],
          "private": "bnVsbA==",
          "dependencies": [
            "data.aws_caller_identity.current"
          ]
        }
      ]
    },
    {
      "module": "module.api_gateway",
      "mode": "managed",
      "type": "aws_lambda_permission",
      "name": "api_gateway",
      "provider": "provider[\"registry.terraform.io/hashicorp/aws\"]",
      "instances": [
        {
          "schema_version": 0,
          "attributes": {
            "action": "lambda:InvokeFunction",
            "event_source_token": null,
            "function_name": "arn:aws:lambda:us-east-1:157542113981:function:chalhoub-dispatcher",
            "function_url_auth_type": null,
            "id": "AllowExecutionFromAPIGateway",
            "principal": "apigateway.amazonaws.com",
            "principal_org_id": null,
            "qualifier": "",
            "source_account": null,
            "source_arn": "arn:aws:execute-api:us-east-1:157542113981:zo7k4o5bxi/*/*/events",
            "statement_id": "AllowExecutionFromAPIGateway",
            "statement_id_prefix": ""
          },
          "sensitive_attributes": [],
          "private": "bnVsbA==",
          "dependencies": [
            "module.api_gateway.aws_apigatewayv2_api.events_api",
            "module.database.aws_dynamodb_table.events",
            "module.serverless_functions.aws_iam_role.lambda_role",
            "module.serverless_functions.aws_lambda_function.event_dispatcher"
          ]
        }
      ]
    },
    {
      "module": "module.database",
      "mode": "managed",
      "type": "aws_dynamodb_table",
      "name": "events",
      "provider": "provider[\"registry.terraform.io/hashicorp/aws\"]",
      "instances": [
        {
          "schema_version": 1,
          "attributes": {
            "arn": "arn:aws:dynamodb:us-east-1:157542113981:table/chalhoub-events",
            "attribute": [
              {
                "name": "id",
                "type": "S"
              },
              {
                "name": "status",
                "type": "S"
              },
              {
                "name": "timestamp",
                "type": "N"
              }
            ],
            "billing_mode": "PAY_PER_REQUEST",
            "deletion_protection_enabled": false,
            "global_secondary_index": [
              {
                "hash_key": "status",
                "name": "status-index",
                "non_key_attributes": [],
                "on_demand_throughput": [],
                "projection_type": "ALL",
                "range_key": "",
                "read_capacity": 0,
                "write_capacity": 0
              },
              {
                "hash_key": "timestamp",
                "name": "timestamp-index",
                "non_key_attributes": [],
                "on_demand_throughput": [],
                "projection_type": "ALL",
                "range_key": "",
                "read_capacity": 0,
                "write_capacity": 0
              }
            ],
            "hash_key": "id",
            "id": "chalhoub-events",
            "import_table": [],
            "local_secondary_index": [],
            "name": "chalhoub-events",
            "on_demand_throughput": [],
            "point_in_time_recovery": [
              {
                "enabled": false
              }
            ],
            "range_key": null,
            "read_capacity": 0,
            "replica": [],
            "restore_date_time": null,
            "restore_source_name": null,
            "restore_source_table_arn": null,
            "restore_to_latest_time": null,
            "server_side_encryption": [],
            "stream_arn": "arn:aws:dynamodb:us-east-1:157542113981:table/chalhoub-events/stream/2025-04-02T22:24:49.640",
            "stream_enabled": true,
            "stream_label": "2025-04-02T22:24:49.640",
            "stream_view_type": "NEW_IMAGE",
            "table_class": "STANDARD",
            "tags": {
              "Environment": "single",
              "ManagedBy": "terraform",
              "Owner": "peter",
              "Project": "chalhoub"
            },
            "tags_all": {
              "Environment": "single",
              "ManagedBy": "terraform",
              "Owner": "peter",
              "Project": "chalhoub"
            },
            "timeouts": null,
            "ttl": [
              {
                "attribute_name": "",
                "enabled": false
              }
            ],
            "write_capacity": 0
          },
          "sensitive_attributes": [],
          "private": "eyJlMmJmYjczMC1lY2FhLTExZTYtOGY4OC0zNDM2M2JjN2M0YzAiOnsiY3JlYXRlIjoxODAwMDAwMDAwMDAwLCJkZWxldGUiOjYwMDAwMDAwMDAwMCwidXBkYXRlIjozNjAwMDAwMDAwMDAwfSwic2NoZW1hX3ZlcnNpb24iOiIxIn0="
        }
      ]
    },
    {
      "module": "module.database_to_queue",
      "mode": "managed",
      "type": "aws_cloudwatch_event_rule",
      "name": "this",
      "provider": "provider[\"registry.terraform.io/hashicorp/aws\"]",
      "instances": [
        {
          "schema_version": 1,
          "attributes": {
            "arn": "arn:aws:events:us-east-1:157542113981:rule/dynamodb-to-sqs-rule",
            "description": "Rule to route DynamoDB events to SQS",
            "event_bus_name": "default",
            "event_pattern": "{\"detail-type\":[\"DynamoDB Stream Record\"],\"resources\":[\"arn:aws:dynamodb:us-east-1:157542113981:table/chalhoub-events/stream/2025-04-02T22:24:49.640\"],\"source\":[\"aws.dynamodb\"]}",
            "force_destroy": false,
            "id": "dynamodb-to-sqs-rule",
            "is_enabled": true,
            "name": "dynamodb-to-sqs-rule",
            "name_prefix": "",
            "role_arn": "",
            "schedule_expression": "",
            "state": "ENABLED",
            "tags": {},
            "tags_all": {}
          },
          "sensitive_attributes": [],
          "private": "eyJzY2hlbWFfdmVyc2lvbiI6IjEifQ==",
          "dependencies": [
            "module.database.aws_dynamodb_table.events"
          ]
        }
      ]
    },
    {
      "module": "module.database_to_queue",
      "mode": "managed",
      "type": "aws_cloudwatch_event_target",
      "name": "this",
      "provider": "provider[\"registry.terraform.io/hashicorp/aws\"]",
      "instances": [
        {
          "schema_version": 1,
          "attributes": {
            "appsync_target": [],
            "arn": "arn:aws:sqs:us-east-1:157542113981:chalhoub-events",
            "batch_target": [],
            "dead_letter_config": [],
            "ecs_target": [],
            "event_bus_name": "default",
            "force_destroy": false,
            "http_target": [],
            "id": "dynamodb-to-sqs-rule-sqs-target",
            "input": "",
            "input_path": "",
            "input_transformer": [],
            "kinesis_target": [],
            "redshift_target": [],
            "retry_policy": [],
            "role_arn": "",
            "rule": "dynamodb-to-sqs-rule",
            "run_command_targets": [],
            "sagemaker_pipeline_target": [],
            "sqs_target": [],
            "target_id": "sqs-target"
          },
          "sensitive_attributes": [],
          "private": "eyJzY2hlbWFfdmVyc2lvbiI6IjEifQ==",
          "dependencies": [
            "module.database.aws_dynamodb_table.events",
            "module.database_to_queue.aws_cloudwatch_event_rule.this",
            "module.queue.aws_sqs_queue.dlq",
            "module.queue.aws_sqs_queue.main"
          ]
        }
      ]
    },
    {
      "module": "module.monitoring",
      "mode": "managed",
      "type": "aws_cloudwatch_dashboard",
      "name": "main",
      "provider": "provider[\"registry.terraform.io/hashicorp/aws\"]",
      "instances": [
        {
          "schema_version": 0,
          "attributes": {
            "dashboard_arn": "arn:aws:cloudwatch::157542113981:dashboard/chalhoub-dashboard",
            "dashboard_body": "{\"widgets\":[{\"height\":6,\"properties\":{\"metrics\":[[\"AWS/Lambda\",\"Invocations\",\"FunctionName\",\"chalhoub-dispatcher\"],[\"AWS/Lambda\",\"Errors\",\"FunctionName\",\"chalhoub-dispatcher\"],[\"AWS/Lambda\",\"Duration\",\"FunctionName\",\"chalhoub-dispatcher\"]],\"period\":300,\"region\":\"us-east-1\",\"stat\":\"Sum\",\"title\":\"Lambda Dispatcher Metrics\"},\"type\":\"metric\",\"width\":12,\"x\":0,\"y\":0},{\"height\":6,\"properties\":{\"metrics\":[[\"AWS/SQS\",\"NumberOfMessagesReceived\",\"QueueName\",\"chalhoub-events\"],[\"AWS/SQS\",\"ApproximateNumberOfMessagesVisible\",\"QueueName\",\"chalhoub-events\"],[\"AWS/SQS\",\"ApproximateAgeOfOldestMessage\",\"QueueName\",\"chalhoub-events\"]],\"period\":300,\"region\":\"us-east-1\",\"stat\":\"Sum\",\"title\":\"SQS Queue Metrics\"},\"type\":\"metric\",\"width\":12,\"x\":12,\"y\":0}]}",
            "dashboard_name": "chalhoub-dashboard",
            "id": "chalhoub-dashboard"
          },
          "sensitive_attributes": [],
          "private": "bnVsbA==",
          "dependencies": [
            "module.database.aws_dynamodb_table.events",
            "module.queue.aws_sqs_queue.dlq",
            "module.queue.aws_sqs_queue.main",
            "module.serverless_functions.aws_iam_role.lambda_role",
            "module.serverless_functions.aws_lambda_function.event_dispatcher"
          ]
        }
      ]
    },
    {
      "module": "module.monitoring",
      "mode": "managed",
      "type": "aws_cloudwatch_metric_alarm",
      "name": "dlq_messages",
      "provider": "provider[\"registry.terraform.io/hashicorp/aws\"]",
      "instances": [
        {
          "schema_version": 1,
          "attributes": {
            "actions_enabled": true,
            "alarm_actions": [
              "arn:aws:sns:us-east-1:157542113981:chalhoub-alerts"
            ],
            "alarm_description": "DLQ messages monitor",
            "alarm_name": "chalhoub-dlq-messages",
            "arn": "arn:aws:cloudwatch:us-east-1:157542113981:alarm:chalhoub-dlq-messages",
            "comparison_operator": "GreaterThanThreshold",
            "datapoints_to_alarm": 0,
            "dimensions": {
              "QueueName": "chalhoub-dlq"
            },
            "evaluate_low_sample_count_percentiles": "",
            "evaluation_periods": 1,
            "extended_statistic": "",
            "id": "chalhoub-dlq-messages",
            "insufficient_data_actions": [],
            "metric_name": "ApproximateNumberOfMessagesVisible",
            "metric_query": [],
            "namespace": "AWS/SQS",
            "ok_actions": [],
            "period": 300,
            "statistic": "Average",
            "tags": {},
            "tags_all": {},
            "threshold": 0,
            "threshold_metric_id": "",
            "treat_missing_data": "missing",
            "unit": ""
          },
          "sensitive_attributes": [],
          "private": "eyJzY2hlbWFfdmVyc2lvbiI6IjEifQ==",
          "dependencies": [
            "module.monitoring.aws_sns_topic.alerts",
            "module.queue.aws_sqs_queue.dlq"
          ]
        }
      ]
    },
    {
      "module": "module.monitoring",
      "mode": "managed",
      "type": "aws_cloudwatch_metric_alarm",
      "name": "lambda_errors",
      "provider": "provider[\"registry.terraform.io/hashicorp/aws\"]",
      "instances": [
        {
          "schema_version": 1,
          "attributes": {
            "actions_enabled": true,
            "alarm_actions": [
              "arn:aws:sns:us-east-1:157542113981:chalhoub-alerts"
            ],
            "alarm_description": "Lambda function error rate monitor",
            "alarm_name": "chalhoub-lambda-errors",
            "arn": "arn:aws:cloudwatch:us-east-1:157542113981:alarm:chalhoub-lambda-errors",
            "comparison_operator": "GreaterThanThreshold",
            "datapoints_to_alarm": 0,
            "dimensions": {
              "FunctionName": "chalhoub-dispatcher"
            },
            "evaluate_low_sample_count_percentiles": "",
            "evaluation_periods": 1,
            "extended_statistic": "",
            "id": "chalhoub-lambda-errors",
            "insufficient_data_actions": null,
            "metric_name": "Errors",
            "metric_query": [],
            "namespace": "AWS/Lambda",
            "ok_actions": null,
            "period": 300,
            "statistic": "Sum",
            "tags": null,
            "tags_all": {},
            "threshold": 0,
            "threshold_metric_id": "",
            "treat_missing_data": "missing",
            "unit": ""
          },
          "sensitive_attributes": [],
          "private": "eyJzY2hlbWFfdmVyc2lvbiI6IjEifQ==",
          "dependencies": [
            "module.database.aws_dynamodb_table.events",
            "module.monitoring.aws_sns_topic.alerts",
            "module.serverless_functions.aws_iam_role.lambda_role",
            "module.serverless_functions.aws_lambda_function.event_dispatcher"
          ]
        }
      ]
    },
    {
      "module": "module.monitoring",
      "mode": "managed",
      "type": "aws_sns_topic",
      "name": "alerts",
      "provider": "provider[\"registry.terraform.io/hashicorp/aws\"]",
      "instances": [
        {
          "schema_version": 0,
          "attributes": {
            "application_failure_feedback_role_arn": "",
            "application_success_feedback_role_arn": "",
            "application_success_feedback_sample_rate": 0,
            "archive_policy": "",
            "arn": "arn:aws:sns:us-east-1:157542113981:chalhoub-alerts",
            "beginning_archive_time": "",
            "content_based_deduplication": false,
            "delivery_policy": "",
            "display_name": "",
            "fifo_topic": false,
            "firehose_failure_feedback_role_arn": "",
            "firehose_success_feedback_role_arn": "",
            "firehose_success_feedback_sample_rate": 0,
            "http_failure_feedback_role_arn": "",
            "http_success_feedback_role_arn": "",
            "http_success_feedback_sample_rate": 0,
            "id": "arn:aws:sns:us-east-1:157542113981:chalhoub-alerts",
            "kms_master_key_id": "",
            "lambda_failure_feedback_role_arn": "",
            "lambda_success_feedback_role_arn": "",
            "lambda_success_feedback_sample_rate": 0,
            "name": "chalhoub-alerts",
            "name_prefix": "",
            "owner": "157542113981",
            "policy": "{\"Id\":\"__default_policy_ID\",\"Statement\":[{\"Action\":[\"SNS:GetTopicAttributes\",\"SNS:SetTopicAttributes\",\"SNS:AddPermission\",\"SNS:RemovePermission\",\"SNS:DeleteTopic\",\"SNS:Subscribe\",\"SNS:ListSubscriptionsByTopic\",\"SNS:Publish\"],\"Condition\":{\"StringEquals\":{\"AWS:SourceOwner\":\"157542113981\"}},\"Effect\":\"Allow\",\"Principal\":{\"AWS\":\"*\"},\"Resource\":\"arn:aws:sns:us-east-1:157542113981:chalhoub-alerts\",\"Sid\":\"__default_statement_ID\"}],\"Version\":\"2008-10-17\"}",
            "signature_version": 0,
            "sqs_failure_feedback_role_arn": "",
            "sqs_success_feedback_role_arn": "",
            "sqs_success_feedback_sample_rate": 0,
            "tags": {},
            "tags_all": {},
            "tracing_config": ""
          },
          "sensitive_attributes": [],
          "private": "bnVsbA=="
        }
      ]
    },
    {
      "module": "module.queue",
      "mode": "managed",
      "type": "aws_sqs_queue",
      "name": "dlq",
      "provider": "provider[\"registry.terraform.io/hashicorp/aws\"]",
      "instances": [
        {
          "schema_version": 0,
          "attributes": {
            "arn": "arn:aws:sqs:us-east-1:157542113981:chalhoub-dlq",
            "content_based_deduplication": false,
            "deduplication_scope": "",
            "delay_seconds": 0,
            "fifo_queue": false,
            "fifo_throughput_limit": "",
            "id": "https://sqs.us-east-1.amazonaws.com/157542113981/chalhoub-dlq",
            "kms_data_key_reuse_period_seconds": 300,
            "kms_master_key_id": "",
            "max_message_size": 262144,
            "message_retention_seconds": 1209600,
            "name": "chalhoub-dlq",
            "name_prefix": "",
            "policy": "",
            "receive_wait_time_seconds": 0,
            "redrive_allow_policy": "",
            "redrive_policy": "",
            "sqs_managed_sse_enabled": true,
            "tags": {
              "Environment": "single",
              "ManagedBy": "terraform",
              "Owner": "peter",
              "Project": "chalhoub"
            },
            "tags_all": {
              "Environment": "single",
              "ManagedBy": "terraform",
              "Owner": "peter",
              "Project": "chalhoub"
            },
            "timeouts": null,
            "url": "https://sqs.us-east-1.amazonaws.com/157542113981/chalhoub-dlq",
            "visibility_timeout_seconds": 30
          },
          "sensitive_attributes": [],
          "private": "eyJlMmJmYjczMC1lY2FhLTExZTYtOGY4OC0zNDM2M2JjN2M0YzAiOnsiY3JlYXRlIjoxODAwMDAwMDAwMDAsImRlbGV0ZSI6MTgwMDAwMDAwMDAwLCJ1cGRhdGUiOjE4MDAwMDAwMDAwMH19"
        }
      ]
    },
    {
      "module": "module.queue",
      "mode": "managed",
      "type": "aws_sqs_queue",
      "name": "main",
      "provider": "provider[\"registry.terraform.io/hashicorp/aws\"]",
      "instances": [
        {
          "schema_version": 0,
          "attributes": {
            "arn": "arn:aws:sqs:us-east-1:157542113981:chalhoub-events",
            "content_based_deduplication": false,
            "deduplication_scope": "",
            "delay_seconds": 0,
            "fifo_queue": false,
            "fifo_throughput_limit": "",
            "id": "https://sqs.us-east-1.amazonaws.com/157542113981/chalhoub-events",
            "kms_data_key_reuse_period_seconds": 300,
            "kms_master_key_id": "",
            "max_message_size": 262144,
            "message_retention_seconds": 1209600,
            "name": "chalhoub-events",
            "name_prefix": "",
            "policy": "{\"Statement\":[{\"Action\":[\"sqs:SendMessage\",\"sqs:ReceiveMessage\",\"sqs:DeleteMessage\",\"sqs:GetQueueAttributes\"],\"Effect\":\"Allow\",\"Principal\":{\"AWS\":\"AROASJLR54K65JUZYRUYC\"},\"Resource\":\"arn:aws:sqs:us-east-1:157542113981:chalhoub-events\"}],\"Version\":\"2012-10-17\"}",
            "receive_wait_time_seconds": 20,
            "redrive_allow_policy": "",
            "redrive_policy": "{\"deadLetterTargetArn\":\"arn:aws:sqs:us-east-1:157542113981:chalhoub-dlq\",\"maxReceiveCount\":3}",
            "sqs_managed_sse_enabled": true,
            "tags": {
              "Environment": "single",
              "ManagedBy": "terraform",
              "Owner": "peter",
              "Project": "chalhoub"
            },
            "tags_all": {
              "Environment": "single",
              "ManagedBy": "terraform",
              "Owner": "peter",
              "Project": "chalhoub"
            },
            "timeouts": null,
            "url": "https://sqs.us-east-1.amazonaws.com/157542113981/chalhoub-events",
            "visibility_timeout_seconds": 300
          },
          "sensitive_attributes": [],
          "private": "eyJlMmJmYjczMC1lY2FhLTExZTYtOGY4OC0zNDM2M2JjN2M0YzAiOnsiY3JlYXRlIjoxODAwMDAwMDAwMDAsImRlbGV0ZSI6MTgwMDAwMDAwMDAwLCJ1cGRhdGUiOjE4MDAwMDAwMDAwMH19",
          "dependencies": [
            "module.queue.aws_sqs_queue.dlq"
          ]
        }
      ]
    },
    {
      "module": "module.queue",
      "mode": "managed",
      "type": "aws_sqs_queue_policy",
      "name": "main",
      "provider": "provider[\"registry.terraform.io/hashicorp/aws\"]",
      "instances": [
        {
          "schema_version": 1,
          "attributes": {
            "id": "https://sqs.us-east-1.amazonaws.com/157542113981/chalhoub-events",
            "policy": "{\"Statement\":[{\"Action\":[\"sqs:SendMessage\",\"sqs:ReceiveMessage\",\"sqs:DeleteMessage\",\"sqs:GetQueueAttributes\"],\"Effect\":\"Allow\",\"Principal\":{\"AWS\":[\"arn:aws:iam::157542113981:role/chalhoub-lambda-role\"]},\"Resource\":\"arn:aws:sqs:us-east-1:157542113981:chalhoub-events\"}],\"Version\":\"2012-10-17\"}",
            "queue_url": "https://sqs.us-east-1.amazonaws.com/157542113981/chalhoub-events"
          },
          "sensitive_attributes": [],
          "private": "eyJzY2hlbWFfdmVyc2lvbiI6IjEifQ==",
          "dependencies": [
            "module.queue.aws_sqs_queue.dlq",
            "module.queue.aws_sqs_queue.main",
            "module.serverless_functions.aws_iam_role.lambda_role"
          ]
        }
      ]
    },
    {
      "module": "module.serverless_functions",
      "mode": "managed",
      "type": "aws_iam_role",
      "name": "lambda_role",
      "provider": "provider[\"registry.terraform.io/hashicorp/aws\"]",
      "instances": [
        {
          "schema_version": 0,
          "attributes": {
            "arn": "arn:aws:iam::157542113981:role/chalhoub-lambda-role",
            "assume_role_policy": "{\"Statement\":[{\"Action\":\"sts:AssumeRole\",\"Effect\":\"Allow\",\"Principal\":{\"Service\":\"lambda.amazonaws.com\"}}],\"Version\":\"2012-10-17\"}",
            "create_date": "2025-04-02T22:28:13Z",
            "description": "",
            "force_detach_policies": false,
            "id": "chalhoub-lambda-role",
            "inline_policy": [],
            "managed_policy_arns": [],
            "max_session_duration": 3600,
            "name": "chalhoub-lambda-role",
            "name_prefix": "",
            "path": "/",
            "permissions_boundary": "",
            "tags": {
              "Environment": "single",
              "ManagedBy": "terraform",
              "Owner": "peter",
              "Project": "chalhoub"
            },
            "tags_all": {
              "Environment": "single",
              "ManagedBy": "terraform",
              "Owner": "peter",
              "Project": "chalhoub"
            },
            "unique_id": "AROASJLR54K655HF5IDHZ"
          },
          "sensitive_attributes": [],
          "private": "bnVsbA=="
        }
      ]
    },
    {
      "module": "module.serverless_functions",
      "mode": "managed",
      "type": "aws_iam_role_policy",
      "name": "lambda_policy",
      "provider": "provider[\"registry.terraform.io/hashicorp/aws\"]",
      "instances": [
        {
          "schema_version": 0,
          "attributes": {
            "id": "chalhoub-lambda-role:chalhoub-lambda-policy",
            "name": "chalhoub-lambda-policy",
            "name_prefix": "",
            "policy": "{\"Version\":\"2012-10-17\",\"Statement\":[{\"Action\":[\"sqs:ReceiveMessage\",\"sqs:DeleteMessage\",\"sqs:GetQueueAttributes\"],\"Effect\":\"Allow\",\"Resource\":[\"arn:aws:sqs:us-east-1:157542113981:chalhoub-events\",\"arn:aws:sqs:us-east-1:157542113981:chalhoub-dlq\"]},{\"Action\":[\"dynamodb:PutItem\",\"dynamodb:GetItem\",\"dynamodb:UpdateItem\",\"dynamodb:Query\"],\"Effect\":\"Allow\",\"Resource\":\"arn:aws:dynamodb:us-east-1:157542113981:table/chalhoub-events\"},{\"Action\":[\"logs:CreateLogGroup\",\"logs:CreateLogStream\",\"logs:PutLogEvents\"],\"Effect\":\"Allow\",\"Resource\":\"arn:aws:logs:*:*:*\"}]}",
            "role": "chalhoub-lambda-role"
          },
          "sensitive_attributes": [],
          "private": "bnVsbA==",
          "dependencies": [
            "module.database.aws_dynamodb_table.events",
            "module.queue.aws_sqs_queue.dlq",
            "module.queue.aws_sqs_queue.main",
            "module.serverless_functions.aws_iam_role.lambda_role"
          ]
        }
      ]
    },
    {
      "module": "module.serverless_functions",
      "mode": "managed",
      "type": "aws_lambda_event_source_mapping",
      "name": "event_source_mapping",
      "provider": "provider[\"registry.terraform.io/hashicorp/aws\"]",
      "instances": [
        {
          "schema_version": 0,
          "attributes": {
            "amazon_managed_kafka_event_source_config": [],
            "arn": "arn:aws:lambda:us-east-1:157542113981:event-source-mapping:87030693-0467-4432-80d3-8da4b895e1ee",
            "batch_size": 10,
            "bisect_batch_on_function_error": false,
            "destination_config": [],
            "document_db_event_source_config": [],
            "enabled": true,
            "event_source_arn": "arn:aws:sqs:us-east-1:157542113981:chalhoub-events",
            "filter_criteria": [],
            "function_arn": "arn:aws:lambda:us-east-1:157542113981:function:chalhoub-dispatcher",
            "function_name": "arn:aws:lambda:us-east-1:157542113981:function:chalhoub-dispatcher",
            "function_response_types": null,
            "id": "87030693-0467-4432-80d3-8da4b895e1ee",
            "kms_key_arn": "",
            "last_modified": "2025-04-02T22:28:27Z",
            "last_processing_result": "",
            "maximum_batching_window_in_seconds": 5,
            "maximum_record_age_in_seconds": 0,
            "maximum_retry_attempts": 0,
            "metrics_config": [],
            "parallelization_factor": 0,
            "provisioned_poller_config": [],
            "queues": null,
            "scaling_config": [],
            "self_managed_event_source": [],
            "self_managed_kafka_event_source_config": [],
            "source_access_configuration": [],
            "starting_position": "",
            "starting_position_timestamp": "",
            "state": "Enabled",
            "state_transition_reason": "USER_INITIATED",
            "tags": null,
            "tags_all": {},
            "topics": null,
            "tumbling_window_in_seconds": 0,
            "uuid": "87030693-0467-4432-80d3-8da4b895e1ee"
          },
          "sensitive_attributes": [],
          "private": "bnVsbA==",
          "dependencies": [
            "module.database.aws_dynamodb_table.events",
            "module.queue.aws_sqs_queue.dlq",
            "module.queue.aws_sqs_queue.main",
            "module.serverless_functions.aws_iam_role.lambda_role",
            "module.serverless_functions.aws_lambda_function.event_dispatcher"
          ]
        }
      ]
    },
    {
      "module": "module.serverless_functions",
      "mode": "managed",
      "type": "aws_lambda_function",
      "name": "event_dispatcher",
      "provider": "provider[\"registry.terraform.io/hashicorp/aws\"]",
      "instances": [
        {
          "schema_version": 0,
          "attributes": {
            "architectures": [
              "x86_64"
            ],
            "arn": "arn:aws:lambda:us-east-1:157542113981:function:chalhoub-dispatcher",
            "code_sha256": "aQEGKx7A6fj8hB02/6KdDewfb9c3+Ws208MS5PgZsWk=",
            "code_signing_config_arn": "",
            "dead_letter_config": [],
            "description": "",
            "environment": [
              {
                "variables": {
                  "TABLE_NAME": "chalhoub-events",
                  "TARGET_GRAPHQL_URL": "http://ec2-13-218-254-77.compute-1.amazonaws.com:8080/graphql"
                }
              }
            ],
            "ephemeral_storage": [
              {
                "size": 512
              }
            ],
            "file_system_config": [],
            "filename": "./../dist/dispatcher.zip",
            "function_name": "chalhoub-dispatcher",
            "handler": "index.handler",
            "id": "chalhoub-dispatcher",
            "image_config": [],
            "image_uri": "",
            "invoke_arn": "arn:aws:apigateway:us-east-1:lambda:path/2015-03-31/functions/arn:aws:lambda:us-east-1:157542113981:function:chalhoub-dispatcher/invocations",
            "kms_key_arn": "",
            "last_modified": "2025-04-02T22:28:20.225+0000",
            "layers": null,
            "logging_config": [
              {
                "application_log_level": "",
                "log_format": "Text",
                "log_group": "/aws/lambda/chalhoub-dispatcher",
                "system_log_level": ""
              }
            ],
            "memory_size": 256,
            "package_type": "Zip",
            "publish": false,
            "qualified_arn": "arn:aws:lambda:us-east-1:157542113981:function:chalhoub-dispatcher:$LATEST",
            "qualified_invoke_arn": "arn:aws:apigateway:us-east-1:lambda:path/2015-03-31/functions/arn:aws:lambda:us-east-1:157542113981:function:chalhoub-dispatcher:$LATEST/invocations",
            "replace_security_groups_on_destroy": null,
            "replacement_security_group_ids": null,
            "reserved_concurrent_executions": -1,
            "role": "arn:aws:iam::157542113981:role/chalhoub-lambda-role",
            "runtime": "nodejs20.x",
            "s3_bucket": null,
            "s3_key": null,
            "s3_object_version": null,
            "signing_job_arn": "",
            "signing_profile_version_arn": "",
            "skip_destroy": false,
            "snap_start": [],
            "source_code_hash": "",
            "source_code_size": 1444,
            "tags": {
              "Environment": "single",
              "ManagedBy": "terraform",
              "Owner": "peter",
              "Project": "chalhoub"
            },
            "tags_all": {
              "Environment": "single",
              "ManagedBy": "terraform",
              "Owner": "peter",
              "Project": "chalhoub"
            },
            "timeout": 30,
            "timeouts": null,
            "tracing_config": [
              {
                "mode": "PassThrough"
              }
            ],
            "version": "$LATEST",
            "vpc_config": []
          },
          "sensitive_attributes": [],
          "private": "eyJlMmJmYjczMC1lY2FhLTExZTYtOGY4OC0zNDM2M2JjN2M0YzAiOnsiY3JlYXRlIjo2MDAwMDAwMDAwMDAsImRlbGV0ZSI6NjAwMDAwMDAwMDAwLCJ1cGRhdGUiOjYwMDAwMDAwMDAwMH19",
          "dependencies": [
            "module.database.aws_dynamodb_table.events",
            "module.serverless_functions.aws_iam_role.lambda_role"
          ]
        }
      ]
    },
    {
      "module": "module.serverless_functions",
      "mode": "managed",
      "type": "aws_lambda_function",
      "name": "event_processor",
      "provider": "provider[\"registry.terraform.io/hashicorp/aws\"]",
      "instances": [
        {
          "schema_version": 0,
          "attributes": {
            "architectures": [
              "x86_64"
            ],
            "arn": "arn:aws:lambda:us-east-1:157542113981:function:chalhoub-processor",
            "code_sha256": "R6dvi9Uma8oZLJ4T55D86mgRdbZ6OBbxFLP2vv0hxTA=",
            "code_signing_config_arn": "",
            "dead_letter_config": [],
            "description": "",
            "environment": [
              {
                "variables": {
                  "QUEUE_URL": "https://sqs.us-east-1.amazonaws.com/157542113981/chalhoub-events",
                  "TABLE_NAME": "chalhoub-events"
                }
              }
            ],
            "ephemeral_storage": [
              {
                "size": 512
              }
            ],
            "file_system_config": [],
            "filename": "./../dist/processor.zip",
            "function_name": "chalhoub-processor",
            "handler": "index.handler",
            "id": "chalhoub-processor",
            "image_config": [],
            "image_uri": "",
            "invoke_arn": "arn:aws:apigateway:us-east-1:lambda:path/2015-03-31/functions/arn:aws:lambda:us-east-1:157542113981:function:chalhoub-processor/invocations",
            "kms_key_arn": "",
            "last_modified": "2025-04-02T22:28:27.576+0000",
            "layers": null,
            "logging_config": [
              {
                "application_log_level": "",
                "log_format": "Text",
                "log_group": "/aws/lambda/chalhoub-processor",
                "system_log_level": ""
              }
            ],
            "memory_size": 256,
            "package_type": "Zip",
            "publish": false,
            "qualified_arn": "arn:aws:lambda:us-east-1:157542113981:function:chalhoub-processor:$LATEST",
            "qualified_invoke_arn": "arn:aws:apigateway:us-east-1:lambda:path/2015-03-31/functions/arn:aws:lambda:us-east-1:157542113981:function:chalhoub-processor:$LATEST/invocations",
            "replace_security_groups_on_destroy": null,
            "replacement_security_group_ids": null,
            "reserved_concurrent_executions": -1,
            "role": "arn:aws:iam::157542113981:role/chalhoub-lambda-role",
            "runtime": "nodejs20.x",
            "s3_bucket": null,
            "s3_key": null,
            "s3_object_version": null,
            "signing_job_arn": "",
            "signing_profile_version_arn": "",
            "skip_destroy": false,
            "snap_start": [],
            "source_code_hash": "",
            "source_code_size": 1045,
            "tags": {
              "Environment": "single",
              "ManagedBy": "terraform",
              "Owner": "peter",
              "Project": "chalhoub"
            },
            "tags_all": {
              "Environment": "single",
              "ManagedBy": "terraform",
              "Owner": "peter",
              "Project": "chalhoub"
            },
            "timeout": 30,
            "timeouts": null,
            "tracing_config": [
              {
                "mode": "PassThrough"
              }
            ],
            "version": "$LATEST",
            "vpc_config": []
          },
          "sensitive_attributes": [],
          "private": "eyJlMmJmYjczMC1lY2FhLTExZTYtOGY4OC0zNDM2M2JjN2M0YzAiOnsiY3JlYXRlIjo2MDAwMDAwMDAwMDAsImRlbGV0ZSI6NjAwMDAwMDAwMDAwLCJ1cGRhdGUiOjYwMDAwMDAwMDAwMH19",
          "dependencies": [
            "module.database.aws_dynamodb_table.events",
            "module.queue.aws_sqs_queue.dlq",
            "module.queue.aws_sqs_queue.main",
            "module.serverless_functions.aws_iam_role.lambda_role"
          ]
        }
      ]
    }
  ],
  "check_results": null
}
